// !$*UTF8*$!
{
	archiveVersion = 1;
	classes = {
	};
	objectVersion = 50;
	objects = {

/* Begin PBXBuildFile section */
		AC176F2425689CFE000C391B /* DiscoverCollectionViewCell.swift in Sources */ = {isa = PBXBuildFile; fileRef = AC176F2225689CFE000C391B /* DiscoverCollectionViewCell.swift */; };
		AC176F2525689CFE000C391B /* DiscoverCollectionViewCell.xib in Resources */ = {isa = PBXBuildFile; fileRef = AC176F2325689CFE000C391B /* DiscoverCollectionViewCell.xib */; };
		AC176F2C25689D15000C391B /* SavedItemCollectionViewCell.swift in Sources */ = {isa = PBXBuildFile; fileRef = AC176F2A25689D15000C391B /* SavedItemCollectionViewCell.swift */; };
		AC176F2D25689D15000C391B /* SavedItemCollectionViewCell.xib in Resources */ = {isa = PBXBuildFile; fileRef = AC176F2B25689D15000C391B /* SavedItemCollectionViewCell.xib */; };
		AC176F332568B148000C391B /* DiscoverByCollectionViewCell.swift in Sources */ = {isa = PBXBuildFile; fileRef = AC176F312568B148000C391B /* DiscoverByCollectionViewCell.swift */; };
		AC176F342568B148000C391B /* DiscoverByCollectionViewCell.xib in Resources */ = {isa = PBXBuildFile; fileRef = AC176F322568B148000C391B /* DiscoverByCollectionViewCell.xib */; };
		AC36F86725683641002AD590 /* AppDelegate.swift in Sources */ = {isa = PBXBuildFile; fileRef = AC36F86625683641002AD590 /* AppDelegate.swift */; };
		AC36F86925683641002AD590 /* SceneDelegate.swift in Sources */ = {isa = PBXBuildFile; fileRef = AC36F86825683641002AD590 /* SceneDelegate.swift */; };
		AC36F86B25683641002AD590 /* ViewController.swift in Sources */ = {isa = PBXBuildFile; fileRef = AC36F86A25683641002AD590 /* ViewController.swift */; };
		AC36F86E25683641002AD590 /* Main.storyboard in Resources */ = {isa = PBXBuildFile; fileRef = AC36F86C25683641002AD590 /* Main.storyboard */; };
		AC36F87125683641002AD590 /* fitted.xcdatamodeld in Sources */ = {isa = PBXBuildFile; fileRef = AC36F86F25683641002AD590 /* fitted.xcdatamodeld */; };
		AC36F87325683646002AD590 /* Assets.xcassets in Resources */ = {isa = PBXBuildFile; fileRef = AC36F87225683646002AD590 /* Assets.xcassets */; };
		AC36F87625683646002AD590 /* LaunchScreen.storyboard in Resources */ = {isa = PBXBuildFile; fileRef = AC36F87425683646002AD590 /* LaunchScreen.storyboard */; };
		AC36F88125683646002AD590 /* fittedTests.swift in Sources */ = {isa = PBXBuildFile; fileRef = AC36F88025683646002AD590 /* fittedTests.swift */; };
		AC36F88C25683646002AD590 /* fittedUITests.swift in Sources */ = {isa = PBXBuildFile; fileRef = AC36F88B25683646002AD590 /* fittedUITests.swift */; };
		AC36F8A025683831002AD590 /* LoginViewController.swift in Sources */ = {isa = PBXBuildFile; fileRef = AC36F89F25683831002AD590 /* LoginViewController.swift */; };
		AC36F8A625683B9B002AD590 /* DiscoverViewController.swift in Sources */ = {isa = PBXBuildFile; fileRef = AC36F8A525683B9B002AD590 /* DiscoverViewController.swift */; };
		AC3EC08F256B0A3F00F00A46 /* sectionHeaderReuseableView.swift in Sources */ = {isa = PBXBuildFile; fileRef = AC3EC08D256B0A3F00F00A46 /* sectionHeaderReuseableView.swift */; };
		AC3EC090256B0A3F00F00A46 /* sectionHeaderReuseableView.xib in Resources */ = {isa = PBXBuildFile; fileRef = AC3EC08E256B0A3F00F00A46 /* sectionHeaderReuseableView.xib */; };
		AC3EC096256BE7A700F00A46 /* SavedCollectionViewCell.swift in Sources */ = {isa = PBXBuildFile; fileRef = AC3EC094256BE7A700F00A46 /* SavedCollectionViewCell.swift */; };
		AC3EC097256BE7A700F00A46 /* SavedCollectionViewCell.xib in Resources */ = {isa = PBXBuildFile; fileRef = AC3EC095256BE7A700F00A46 /* SavedCollectionViewCell.xib */; };
		AC3EC0B4256BF7E300F00A46 /* CreateViewController.swift in Sources */ = {isa = PBXBuildFile; fileRef = AC3EC0B3256BF7E300F00A46 /* CreateViewController.swift */; };
		AC3EC0BD256BFAAE00F00A46 /* CreateOutfitCollectionViewCell.swift in Sources */ = {isa = PBXBuildFile; fileRef = AC3EC0BB256BFAAE00F00A46 /* CreateOutfitCollectionViewCell.swift */; };
		AC3EC0BE256BFAAE00F00A46 /* CreateOutfitCollectionViewCell.xib in Resources */ = {isa = PBXBuildFile; fileRef = AC3EC0BC256BFAAE00F00A46 /* CreateOutfitCollectionViewCell.xib */; };
		AC3EC0C4256BFAC200F00A46 /* CreateOutfitCollectionReusableView.swift in Sources */ = {isa = PBXBuildFile; fileRef = AC3EC0C2256BFAC200F00A46 /* CreateOutfitCollectionReusableView.swift */; };
		AC3EC0C5256BFAC200F00A46 /* CreateOutfitCollectionReusableView.xib in Resources */ = {isa = PBXBuildFile; fileRef = AC3EC0C3256BFAC200F00A46 /* CreateOutfitCollectionReusableView.xib */; };
		AC3EC0CA256BFB2700F00A46 /* CreateOutfitContainerViewController.swift in Sources */ = {isa = PBXBuildFile; fileRef = AC3EC0C9256BFB2700F00A46 /* CreateOutfitContainerViewController.swift */; };
		AC3EC0CF256BFB3D00F00A46 /* CreateClothingItemContainerViewController.swift in Sources */ = {isa = PBXBuildFile; fileRef = AC3EC0CE256BFB3D00F00A46 /* CreateClothingItemContainerViewController.swift */; };
		AC3EC0D5256C0DC100F00A46 /* SelectedItemCollectionViewCell.swift in Sources */ = {isa = PBXBuildFile; fileRef = AC3EC0D3256C0DC100F00A46 /* SelectedItemCollectionViewCell.swift */; };
		AC3EC0D6256C0DC100F00A46 /* SelectedItemCollectionViewCell.xib in Resources */ = {isa = PBXBuildFile; fileRef = AC3EC0D4256C0DC100F00A46 /* SelectedItemCollectionViewCell.xib */; };
		AC3EC0DC256C33A200F00A46 /* ItemCollectionViewCell.swift in Sources */ = {isa = PBXBuildFile; fileRef = AC3EC0DA256C33A200F00A46 /* ItemCollectionViewCell.swift */; };
		AC3EC0DD256C33A200F00A46 /* ItemCollectionViewCell.xib in Resources */ = {isa = PBXBuildFile; fileRef = AC3EC0DB256C33A200F00A46 /* ItemCollectionViewCell.xib */; };
		AC3EC0E7256E91C300F00A46 /* WeatherCollectionViewCell.swift in Sources */ = {isa = PBXBuildFile; fileRef = AC3EC0E5256E91C300F00A46 /* WeatherCollectionViewCell.swift */; };
		AC3EC0E8256E91C300F00A46 /* WeatherCollectionViewCell.xib in Resources */ = {isa = PBXBuildFile; fileRef = AC3EC0E6256E91C300F00A46 /* WeatherCollectionViewCell.xib */; };
		AC3EC0EE256E91D100F00A46 /* MoodCollectionViewCell.swift in Sources */ = {isa = PBXBuildFile; fileRef = AC3EC0EC256E91D100F00A46 /* MoodCollectionViewCell.swift */; };
		AC3EC0EF256E91D100F00A46 /* MoodCollectionViewCell.xib in Resources */ = {isa = PBXBuildFile; fileRef = AC3EC0ED256E91D100F00A46 /* MoodCollectionViewCell.xib */; };
		AC88B8B42578E45800E6EE55 /* Clothing+CoreDataClass.swift in Sources */ = {isa = PBXBuildFile; fileRef = AC88B8B02578E45700E6EE55 /* Clothing+CoreDataClass.swift */; };
		AC88B8B52578E45800E6EE55 /* Clothing+CoreDataProperties.swift in Sources */ = {isa = PBXBuildFile; fileRef = AC88B8B12578E45700E6EE55 /* Clothing+CoreDataProperties.swift */; };
		AC88B8B62578E45800E6EE55 /* Outfit+CoreDataClass.swift in Sources */ = {isa = PBXBuildFile; fileRef = AC88B8B22578E45800E6EE55 /* Outfit+CoreDataClass.swift */; };
		AC88B8B72578E45800E6EE55 /* Outfit+CoreDataProperties.swift in Sources */ = {isa = PBXBuildFile; fileRef = AC88B8B32578E45800E6EE55 /* Outfit+CoreDataProperties.swift */; };
		AC88B8C22578ED0B00E6EE55 /* AddClothingItemCollectionViewController.swift in Sources */ = {isa = PBXBuildFile; fileRef = AC88B8C12578ED0B00E6EE55 /* AddClothingItemCollectionViewController.swift */; };
		ACBCA88A256ED87C00DC0FC8 /* Structs.swift in Sources */ = {isa = PBXBuildFile; fileRef = ACBCA889256ED87C00DC0FC8 /* Structs.swift */; };
		ACBCA8A4256F208A00DC0FC8 /* CategoryCollectionViewCell.swift in Sources */ = {isa = PBXBuildFile; fileRef = ACBCA8A2256F208A00DC0FC8 /* CategoryCollectionViewCell.swift */; };
		ACBCA8A5256F208A00DC0FC8 /* CategoryCollectionViewCell.xib in Resources */ = {isa = PBXBuildFile; fileRef = ACBCA8A3256F208A00DC0FC8 /* CategoryCollectionViewCell.xib */; };
		ACBCA8B1257022AC00DC0FC8 /* VirtualClosetCollectionViewController.swift in Sources */ = {isa = PBXBuildFile; fileRef = ACBCA8B0257022AC00DC0FC8 /* VirtualClosetCollectionViewController.swift */; };
		ACBCA8BB257023F100DC0FC8 /* VirtualClosetCollectionViewCell.swift in Sources */ = {isa = PBXBuildFile; fileRef = ACBCA8B9257023F100DC0FC8 /* VirtualClosetCollectionViewCell.swift */; };
		ACBCA8BC257023F100DC0FC8 /* VirtualClosetCollectionViewCell.xib in Resources */ = {isa = PBXBuildFile; fileRef = ACBCA8BA257023F100DC0FC8 /* VirtualClosetCollectionViewCell.xib */; };
		ACC6B398256ECD5900BE33FE /* CoreDataManager.swift in Sources */ = {isa = PBXBuildFile; fileRef = ACC6B397256ECD5900BE33FE /* CoreDataManager.swift */; };
/* End PBXBuildFile section */

/* Begin PBXContainerItemProxy section */
		AC36F87D25683646002AD590 /* PBXContainerItemProxy */ = {
			isa = PBXContainerItemProxy;
			containerPortal = AC36F85B25683641002AD590 /* Project object */;
			proxyType = 1;
			remoteGlobalIDString = AC36F86225683641002AD590;
			remoteInfo = fitted;
		};
		AC36F88825683646002AD590 /* PBXContainerItemProxy */ = {
			isa = PBXContainerItemProxy;
			containerPortal = AC36F85B25683641002AD590 /* Project object */;
			proxyType = 1;
			remoteGlobalIDString = AC36F86225683641002AD590;
			remoteInfo = fitted;
		};
/* End PBXContainerItemProxy section */

/* Begin PBXFileReference section */
		AC176F2225689CFE000C391B /* DiscoverCollectionViewCell.swift */ = {isa = PBXFileReference; lastKnownFileType = sourcecode.swift; path = DiscoverCollectionViewCell.swift; sourceTree = "<group>"; };
		AC176F2325689CFE000C391B /* DiscoverCollectionViewCell.xib */ = {isa = PBXFileReference; lastKnownFileType = file.xib; path = DiscoverCollectionViewCell.xib; sourceTree = "<group>"; };
		AC176F2A25689D15000C391B /* SavedItemCollectionViewCell.swift */ = {isa = PBXFileReference; lastKnownFileType = sourcecode.swift; path = SavedItemCollectionViewCell.swift; sourceTree = "<group>"; };
		AC176F2B25689D15000C391B /* SavedItemCollectionViewCell.xib */ = {isa = PBXFileReference; lastKnownFileType = file.xib; path = SavedItemCollectionViewCell.xib; sourceTree = "<group>"; };
		AC176F312568B148000C391B /* DiscoverByCollectionViewCell.swift */ = {isa = PBXFileReference; lastKnownFileType = sourcecode.swift; path = DiscoverByCollectionViewCell.swift; sourceTree = "<group>"; };
		AC176F322568B148000C391B /* DiscoverByCollectionViewCell.xib */ = {isa = PBXFileReference; lastKnownFileType = file.xib; path = DiscoverByCollectionViewCell.xib; sourceTree = "<group>"; };
		AC36F86325683641002AD590 /* fitted.app */ = {isa = PBXFileReference; explicitFileType = wrapper.application; includeInIndex = 0; path = fitted.app; sourceTree = BUILT_PRODUCTS_DIR; };
		AC36F86625683641002AD590 /* AppDelegate.swift */ = {isa = PBXFileReference; lastKnownFileType = sourcecode.swift; path = AppDelegate.swift; sourceTree = "<group>"; };
		AC36F86825683641002AD590 /* SceneDelegate.swift */ = {isa = PBXFileReference; lastKnownFileType = sourcecode.swift; path = SceneDelegate.swift; sourceTree = "<group>"; };
		AC36F86A25683641002AD590 /* ViewController.swift */ = {isa = PBXFileReference; lastKnownFileType = sourcecode.swift; path = ViewController.swift; sourceTree = "<group>"; };
		AC36F86D25683641002AD590 /* Base */ = {isa = PBXFileReference; lastKnownFileType = file.storyboard; name = Base; path = Base.lproj/Main.storyboard; sourceTree = "<group>"; };
		AC36F87025683641002AD590 /* fitted.xcdatamodel */ = {isa = PBXFileReference; lastKnownFileType = wrapper.xcdatamodel; path = fitted.xcdatamodel; sourceTree = "<group>"; };
		AC36F87225683646002AD590 /* Assets.xcassets */ = {isa = PBXFileReference; lastKnownFileType = folder.assetcatalog; path = Assets.xcassets; sourceTree = "<group>"; };
		AC36F87525683646002AD590 /* Base */ = {isa = PBXFileReference; lastKnownFileType = file.storyboard; name = Base; path = Base.lproj/LaunchScreen.storyboard; sourceTree = "<group>"; };
		AC36F87725683646002AD590 /* Info.plist */ = {isa = PBXFileReference; lastKnownFileType = text.plist.xml; path = Info.plist; sourceTree = "<group>"; };
		AC36F87C25683646002AD590 /* fittedTests.xctest */ = {isa = PBXFileReference; explicitFileType = wrapper.cfbundle; includeInIndex = 0; path = fittedTests.xctest; sourceTree = BUILT_PRODUCTS_DIR; };
		AC36F88025683646002AD590 /* fittedTests.swift */ = {isa = PBXFileReference; lastKnownFileType = sourcecode.swift; path = fittedTests.swift; sourceTree = "<group>"; };
		AC36F88225683646002AD590 /* Info.plist */ = {isa = PBXFileReference; lastKnownFileType = text.plist.xml; path = Info.plist; sourceTree = "<group>"; };
		AC36F88725683646002AD590 /* fittedUITests.xctest */ = {isa = PBXFileReference; explicitFileType = wrapper.cfbundle; includeInIndex = 0; path = fittedUITests.xctest; sourceTree = BUILT_PRODUCTS_DIR; };
		AC36F88B25683646002AD590 /* fittedUITests.swift */ = {isa = PBXFileReference; lastKnownFileType = sourcecode.swift; path = fittedUITests.swift; sourceTree = "<group>"; };
		AC36F88D25683646002AD590 /* Info.plist */ = {isa = PBXFileReference; lastKnownFileType = text.plist.xml; path = Info.plist; sourceTree = "<group>"; };
		AC36F89F25683831002AD590 /* LoginViewController.swift */ = {isa = PBXFileReference; lastKnownFileType = sourcecode.swift; path = LoginViewController.swift; sourceTree = "<group>"; };
		AC36F8A525683B9B002AD590 /* DiscoverViewController.swift */ = {isa = PBXFileReference; lastKnownFileType = sourcecode.swift; path = DiscoverViewController.swift; sourceTree = "<group>"; };
		AC3EC08D256B0A3F00F00A46 /* sectionHeaderReuseableView.swift */ = {isa = PBXFileReference; lastKnownFileType = sourcecode.swift; path = sectionHeaderReuseableView.swift; sourceTree = "<group>"; };
		AC3EC08E256B0A3F00F00A46 /* sectionHeaderReuseableView.xib */ = {isa = PBXFileReference; lastKnownFileType = file.xib; path = sectionHeaderReuseableView.xib; sourceTree = "<group>"; };
		AC3EC094256BE7A700F00A46 /* SavedCollectionViewCell.swift */ = {isa = PBXFileReference; lastKnownFileType = sourcecode.swift; path = SavedCollectionViewCell.swift; sourceTree = "<group>"; };
		AC3EC095256BE7A700F00A46 /* SavedCollectionViewCell.xib */ = {isa = PBXFileReference; lastKnownFileType = file.xib; path = SavedCollectionViewCell.xib; sourceTree = "<group>"; };
		AC3EC0B3256BF7E300F00A46 /* CreateViewController.swift */ = {isa = PBXFileReference; lastKnownFileType = sourcecode.swift; path = CreateViewController.swift; sourceTree = "<group>"; };
		AC3EC0BB256BFAAE00F00A46 /* CreateOutfitCollectionViewCell.swift */ = {isa = PBXFileReference; lastKnownFileType = sourcecode.swift; path = CreateOutfitCollectionViewCell.swift; sourceTree = "<group>"; };
		AC3EC0BC256BFAAE00F00A46 /* CreateOutfitCollectionViewCell.xib */ = {isa = PBXFileReference; lastKnownFileType = file.xib; path = CreateOutfitCollectionViewCell.xib; sourceTree = "<group>"; };
		AC3EC0C2256BFAC200F00A46 /* CreateOutfitCollectionReusableView.swift */ = {isa = PBXFileReference; lastKnownFileType = sourcecode.swift; path = CreateOutfitCollectionReusableView.swift; sourceTree = "<group>"; };
		AC3EC0C3256BFAC200F00A46 /* CreateOutfitCollectionReusableView.xib */ = {isa = PBXFileReference; lastKnownFileType = file.xib; path = CreateOutfitCollectionReusableView.xib; sourceTree = "<group>"; };
		AC3EC0C9256BFB2700F00A46 /* CreateOutfitContainerViewController.swift */ = {isa = PBXFileReference; lastKnownFileType = sourcecode.swift; path = CreateOutfitContainerViewController.swift; sourceTree = "<group>"; };
		AC3EC0CE256BFB3D00F00A46 /* CreateClothingItemContainerViewController.swift */ = {isa = PBXFileReference; lastKnownFileType = sourcecode.swift; path = CreateClothingItemContainerViewController.swift; sourceTree = "<group>"; };
		AC3EC0D3256C0DC100F00A46 /* SelectedItemCollectionViewCell.swift */ = {isa = PBXFileReference; lastKnownFileType = sourcecode.swift; path = SelectedItemCollectionViewCell.swift; sourceTree = "<group>"; };
		AC3EC0D4256C0DC100F00A46 /* SelectedItemCollectionViewCell.xib */ = {isa = PBXFileReference; lastKnownFileType = file.xib; path = SelectedItemCollectionViewCell.xib; sourceTree = "<group>"; };
		AC3EC0DA256C33A200F00A46 /* ItemCollectionViewCell.swift */ = {isa = PBXFileReference; lastKnownFileType = sourcecode.swift; path = ItemCollectionViewCell.swift; sourceTree = "<group>"; };
		AC3EC0DB256C33A200F00A46 /* ItemCollectionViewCell.xib */ = {isa = PBXFileReference; lastKnownFileType = file.xib; path = ItemCollectionViewCell.xib; sourceTree = "<group>"; };
		AC3EC0E5256E91C300F00A46 /* WeatherCollectionViewCell.swift */ = {isa = PBXFileReference; lastKnownFileType = sourcecode.swift; path = WeatherCollectionViewCell.swift; sourceTree = "<group>"; };
		AC3EC0E6256E91C300F00A46 /* WeatherCollectionViewCell.xib */ = {isa = PBXFileReference; lastKnownFileType = file.xib; path = WeatherCollectionViewCell.xib; sourceTree = "<group>"; };
		AC3EC0EC256E91D100F00A46 /* MoodCollectionViewCell.swift */ = {isa = PBXFileReference; lastKnownFileType = sourcecode.swift; path = MoodCollectionViewCell.swift; sourceTree = "<group>"; };
		AC3EC0ED256E91D100F00A46 /* MoodCollectionViewCell.xib */ = {isa = PBXFileReference; lastKnownFileType = file.xib; path = MoodCollectionViewCell.xib; sourceTree = "<group>"; };
		AC88B8B02578E45700E6EE55 /* Clothing+CoreDataClass.swift */ = {isa = PBXFileReference; lastKnownFileType = sourcecode.swift; path = "Clothing+CoreDataClass.swift"; sourceTree = "<group>"; };
		AC88B8B12578E45700E6EE55 /* Clothing+CoreDataProperties.swift */ = {isa = PBXFileReference; lastKnownFileType = sourcecode.swift; path = "Clothing+CoreDataProperties.swift"; sourceTree = "<group>"; };
		AC88B8B22578E45800E6EE55 /* Outfit+CoreDataClass.swift */ = {isa = PBXFileReference; lastKnownFileType = sourcecode.swift; path = "Outfit+CoreDataClass.swift"; sourceTree = "<group>"; };
		AC88B8B32578E45800E6EE55 /* Outfit+CoreDataProperties.swift */ = {isa = PBXFileReference; lastKnownFileType = sourcecode.swift; path = "Outfit+CoreDataProperties.swift"; sourceTree = "<group>"; };
		AC88B8C12578ED0B00E6EE55 /* AddClothingItemCollectionViewController.swift */ = {isa = PBXFileReference; lastKnownFileType = sourcecode.swift; path = AddClothingItemCollectionViewController.swift; sourceTree = "<group>"; };
		ACBCA889256ED87C00DC0FC8 /* Structs.swift */ = {isa = PBXFileReference; lastKnownFileType = sourcecode.swift; path = Structs.swift; sourceTree = "<group>"; };
		ACBCA8A2256F208A00DC0FC8 /* CategoryCollectionViewCell.swift */ = {isa = PBXFileReference; lastKnownFileType = sourcecode.swift; path = CategoryCollectionViewCell.swift; sourceTree = "<group>"; };
		ACBCA8A3256F208A00DC0FC8 /* CategoryCollectionViewCell.xib */ = {isa = PBXFileReference; lastKnownFileType = file.xib; path = CategoryCollectionViewCell.xib; sourceTree = "<group>"; };
		ACBCA8B0257022AC00DC0FC8 /* VirtualClosetCollectionViewController.swift */ = {isa = PBXFileReference; lastKnownFileType = sourcecode.swift; path = VirtualClosetCollectionViewController.swift; sourceTree = "<group>"; };
		ACBCA8B9257023F100DC0FC8 /* VirtualClosetCollectionViewCell.swift */ = {isa = PBXFileReference; lastKnownFileType = sourcecode.swift; path = VirtualClosetCollectionViewCell.swift; sourceTree = "<group>"; };
		ACBCA8BA257023F100DC0FC8 /* VirtualClosetCollectionViewCell.xib */ = {isa = PBXFileReference; lastKnownFileType = file.xib; path = VirtualClosetCollectionViewCell.xib; sourceTree = "<group>"; };
		ACC6B397256ECD5900BE33FE /* CoreDataManager.swift */ = {isa = PBXFileReference; lastKnownFileType = sourcecode.swift; path = CoreDataManager.swift; sourceTree = "<group>"; };
/* End PBXFileReference section */

/* Begin PBXFrameworksBuildPhase section */
		AC36F86025683641002AD590 /* Frameworks */ = {
			isa = PBXFrameworksBuildPhase;
			buildActionMask = 2147483647;
			files = (
			);
			runOnlyForDeploymentPostprocessing = 0;
		};
		AC36F87925683646002AD590 /* Frameworks */ = {
			isa = PBXFrameworksBuildPhase;
			buildActionMask = 2147483647;
			files = (
			);
			runOnlyForDeploymentPostprocessing = 0;
		};
		AC36F88425683646002AD590 /* Frameworks */ = {
			isa = PBXFrameworksBuildPhase;
			buildActionMask = 2147483647;
			files = (
			);
			runOnlyForDeploymentPostprocessing = 0;
		};
/* End PBXFrameworksBuildPhase section */

/* Begin PBXGroup section */
		AC176F1F25689CC1000C391B /* Views */ = {
			isa = PBXGroup;
			children = (
				AC3EC08B256B0A0000F00A46 /* CollectionViewHeaders */,
				AC176F2025689CD2000C391B /* CollectionViewCells */,
			);
			path = Views;
			sourceTree = "<group>";
		};
		AC176F2025689CD2000C391B /* CollectionViewCells */ = {
			isa = PBXGroup;
			children = (
				ACBCA8B8257023D500DC0FC8 /* VirtualCloset */,
				AC3EC0E4256E918300F00A46 /* CreateClothing */,
				AC3EC0B8256BFA6700F00A46 /* CreateOutfit */,
				AC176F2925689D03000C391B /* SavedItem */,
				AC176F2125689CDC000C391B /* DiscoverItem */,
			);
			name = CollectionViewCells;
			path = "../New Group/CollectionViewCells";
			sourceTree = "<group>";
		};
		AC176F2125689CDC000C391B /* DiscoverItem */ = {
			isa = PBXGroup;
			children = (
				AC176F2225689CFE000C391B /* DiscoverCollectionViewCell.swift */,
				AC176F2325689CFE000C391B /* DiscoverCollectionViewCell.xib */,
				AC176F312568B148000C391B /* DiscoverByCollectionViewCell.swift */,
				AC176F322568B148000C391B /* DiscoverByCollectionViewCell.xib */,
			);
			path = DiscoverItem;
			sourceTree = "<group>";
		};
		AC176F2925689D03000C391B /* SavedItem */ = {
			isa = PBXGroup;
			children = (
				AC176F2A25689D15000C391B /* SavedItemCollectionViewCell.swift */,
				AC176F2B25689D15000C391B /* SavedItemCollectionViewCell.xib */,
				AC3EC094256BE7A700F00A46 /* SavedCollectionViewCell.swift */,
				AC3EC095256BE7A700F00A46 /* SavedCollectionViewCell.xib */,
			);
			path = SavedItem;
			sourceTree = "<group>";
		};
		AC36F85A25683641002AD590 = {
			isa = PBXGroup;
			children = (
				AC88B8B02578E45700E6EE55 /* Clothing+CoreDataClass.swift */,
				AC88B8B12578E45700E6EE55 /* Clothing+CoreDataProperties.swift */,
				AC88B8B22578E45800E6EE55 /* Outfit+CoreDataClass.swift */,
				AC88B8B32578E45800E6EE55 /* Outfit+CoreDataProperties.swift */,
				AC36F86525683641002AD590 /* fitted */,
				AC36F87F25683646002AD590 /* fittedTests */,
				AC36F88A25683646002AD590 /* fittedUITests */,
				AC36F86425683641002AD590 /* Products */,
			);
			sourceTree = "<group>";
		};
		AC36F86425683641002AD590 /* Products */ = {
			isa = PBXGroup;
			children = (
				AC36F86325683641002AD590 /* fitted.app */,
				AC36F87C25683646002AD590 /* fittedTests.xctest */,
				AC36F88725683646002AD590 /* fittedUITests.xctest */,
			);
			name = Products;
			sourceTree = "<group>";
		};
		AC36F86525683641002AD590 /* fitted */ = {
			isa = PBXGroup;
			children = (
				ACBCA888256ED86F00DC0FC8 /* Structs */,
				AC176F1F25689CC1000C391B /* Views */,
				AC36F89D256837FA002AD590 /* Managers */,
				AC36F89C256837F3002AD590 /* ViewControllers */,
				AC36F86625683641002AD590 /* AppDelegate.swift */,
				AC36F86825683641002AD590 /* SceneDelegate.swift */,
				AC36F86A25683641002AD590 /* ViewController.swift */,
				AC36F86C25683641002AD590 /* Main.storyboard */,
				AC36F87225683646002AD590 /* Assets.xcassets */,
				AC36F87425683646002AD590 /* LaunchScreen.storyboard */,
				AC36F87725683646002AD590 /* Info.plist */,
				AC36F86F25683641002AD590 /* fitted.xcdatamodeld */,
			);
			path = fitted;
			sourceTree = "<group>";
		};
		AC36F87F25683646002AD590 /* fittedTests */ = {
			isa = PBXGroup;
			children = (
				AC36F88025683646002AD590 /* fittedTests.swift */,
				AC36F88225683646002AD590 /* Info.plist */,
			);
			path = fittedTests;
			sourceTree = "<group>";
		};
		AC36F88A25683646002AD590 /* fittedUITests */ = {
			isa = PBXGroup;
			children = (
				AC36F88B25683646002AD590 /* fittedUITests.swift */,
				AC36F88D25683646002AD590 /* Info.plist */,
			);
			path = fittedUITests;
			sourceTree = "<group>";
		};
		AC36F89C256837F3002AD590 /* ViewControllers */ = {
			isa = PBXGroup;
			children = (
				ACBCA8AF2570229300DC0FC8 /* VirtualCloset */,
				AC3EC0B2256BF7CD00F00A46 /* Create */,
				AC36F8A425683B44002AD590 /* Discover */,
				AC36F89E2568380C002AD590 /* Login */,
			);
			path = ViewControllers;
			sourceTree = "<group>";
		};
		AC36F89D256837FA002AD590 /* Managers */ = {
			isa = PBXGroup;
			children = (
				ACC6B396256ECD4600BE33FE /* CoreData */,
			);
			path = Managers;
			sourceTree = "<group>";
		};
		AC36F89E2568380C002AD590 /* Login */ = {
			isa = PBXGroup;
			children = (
				AC36F89F25683831002AD590 /* LoginViewController.swift */,
			);
			path = Login;
			sourceTree = "<group>";
		};
		AC36F8A425683B44002AD590 /* Discover */ = {
			isa = PBXGroup;
			children = (
				AC36F8A525683B9B002AD590 /* DiscoverViewController.swift */,
			);
			path = Discover;
			sourceTree = "<group>";
		};
		AC3EC08B256B0A0000F00A46 /* CollectionViewHeaders */ = {
			isa = PBXGroup;
			children = (
				AC3EC08D256B0A3F00F00A46 /* sectionHeaderReuseableView.swift */,
				AC3EC08E256B0A3F00F00A46 /* sectionHeaderReuseableView.xib */,
			);
			path = CollectionViewHeaders;
			sourceTree = "<group>";
		};
		AC3EC0B2256BF7CD00F00A46 /* Create */ = {
			isa = PBXGroup;
			children = (
				AC3EC0B3256BF7E300F00A46 /* CreateViewController.swift */,
				AC3EC0C9256BFB2700F00A46 /* CreateOutfitContainerViewController.swift */,
				AC3EC0CE256BFB3D00F00A46 /* CreateClothingItemContainerViewController.swift */,
				AC88B8C12578ED0B00E6EE55 /* AddClothingItemCollectionViewController.swift */,
			);
			path = Create;
			sourceTree = "<group>";
		};
		AC3EC0B8256BFA6700F00A46 /* CreateOutfit */ = {
			isa = PBXGroup;
			children = (
				AC3EC0BA256BFA8100F00A46 /* Cells */,
				AC3EC0B9256BFA7600F00A46 /* headers */,
			);
			path = CreateOutfit;
			sourceTree = "<group>";
		};
		AC3EC0B9256BFA7600F00A46 /* headers */ = {
			isa = PBXGroup;
			children = (
				AC3EC0C2256BFAC200F00A46 /* CreateOutfitCollectionReusableView.swift */,
				AC3EC0C3256BFAC200F00A46 /* CreateOutfitCollectionReusableView.xib */,
			);
			path = headers;
			sourceTree = "<group>";
		};
		AC3EC0BA256BFA8100F00A46 /* Cells */ = {
			isa = PBXGroup;
			children = (
				AC3EC0BB256BFAAE00F00A46 /* CreateOutfitCollectionViewCell.swift */,
				AC3EC0BC256BFAAE00F00A46 /* CreateOutfitCollectionViewCell.xib */,
				AC3EC0D3256C0DC100F00A46 /* SelectedItemCollectionViewCell.swift */,
				AC3EC0D4256C0DC100F00A46 /* SelectedItemCollectionViewCell.xib */,
				AC3EC0DA256C33A200F00A46 /* ItemCollectionViewCell.swift */,
				AC3EC0DB256C33A200F00A46 /* ItemCollectionViewCell.xib */,
			);
			path = Cells;
			sourceTree = "<group>";
		};
		AC3EC0E4256E918300F00A46 /* CreateClothing */ = {
			isa = PBXGroup;
			children = (
				AC3EC0E5256E91C300F00A46 /* WeatherCollectionViewCell.swift */,
				AC3EC0E6256E91C300F00A46 /* WeatherCollectionViewCell.xib */,
				AC3EC0EC256E91D100F00A46 /* MoodCollectionViewCell.swift */,
				AC3EC0ED256E91D100F00A46 /* MoodCollectionViewCell.xib */,
				ACBCA8A2256F208A00DC0FC8 /* CategoryCollectionViewCell.swift */,
				ACBCA8A3256F208A00DC0FC8 /* CategoryCollectionViewCell.xib */,
			);
			path = CreateClothing;
			sourceTree = "<group>";
		};
		ACBCA888256ED86F00DC0FC8 /* Structs */ = {
			isa = PBXGroup;
			children = (
				ACBCA889256ED87C00DC0FC8 /* Structs.swift */,
			);
			path = Structs;
			sourceTree = "<group>";
		};
		ACBCA8AF2570229300DC0FC8 /* VirtualCloset */ = {
			isa = PBXGroup;
			children = (
				ACBCA8B0257022AC00DC0FC8 /* VirtualClosetCollectionViewController.swift */,
			);
			path = VirtualCloset;
			sourceTree = "<group>";
		};
		ACBCA8B8257023D500DC0FC8 /* VirtualCloset */ = {
			isa = PBXGroup;
			children = (
				ACBCA8B9257023F100DC0FC8 /* VirtualClosetCollectionViewCell.swift */,
				ACBCA8BA257023F100DC0FC8 /* VirtualClosetCollectionViewCell.xib */,
			);
			path = VirtualCloset;
			sourceTree = "<group>";
		};
		ACC6B396256ECD4600BE33FE /* CoreData */ = {
			isa = PBXGroup;
			children = (
				ACC6B397256ECD5900BE33FE /* CoreDataManager.swift */,
			);
			path = CoreData;
			sourceTree = "<group>";
		};
/* End PBXGroup section */

/* Begin PBXNativeTarget section */
		AC36F86225683641002AD590 /* fitted */ = {
			isa = PBXNativeTarget;
			buildConfigurationList = AC36F89025683646002AD590 /* Build configuration list for PBXNativeTarget "fitted" */;
			buildPhases = (
				AC36F85F25683641002AD590 /* Sources */,
				AC36F86025683641002AD590 /* Frameworks */,
				AC36F86125683641002AD590 /* Resources */,
			);
			buildRules = (
			);
			dependencies = (
			);
			name = fitted;
			productName = fitted;
			productReference = AC36F86325683641002AD590 /* fitted.app */;
			productType = "com.apple.product-type.application";
		};
		AC36F87B25683646002AD590 /* fittedTests */ = {
			isa = PBXNativeTarget;
			buildConfigurationList = AC36F89325683646002AD590 /* Build configuration list for PBXNativeTarget "fittedTests" */;
			buildPhases = (
				AC36F87825683646002AD590 /* Sources */,
				AC36F87925683646002AD590 /* Frameworks */,
				AC36F87A25683646002AD590 /* Resources */,
			);
			buildRules = (
			);
			dependencies = (
				AC36F87E25683646002AD590 /* PBXTargetDependency */,
			);
			name = fittedTests;
			productName = fittedTests;
			productReference = AC36F87C25683646002AD590 /* fittedTests.xctest */;
			productType = "com.apple.product-type.bundle.unit-test";
		};
		AC36F88625683646002AD590 /* fittedUITests */ = {
			isa = PBXNativeTarget;
			buildConfigurationList = AC36F89625683646002AD590 /* Build configuration list for PBXNativeTarget "fittedUITests" */;
			buildPhases = (
				AC36F88325683646002AD590 /* Sources */,
				AC36F88425683646002AD590 /* Frameworks */,
				AC36F88525683646002AD590 /* Resources */,
			);
			buildRules = (
			);
			dependencies = (
				AC36F88925683646002AD590 /* PBXTargetDependency */,
			);
			name = fittedUITests;
			productName = fittedUITests;
			productReference = AC36F88725683646002AD590 /* fittedUITests.xctest */;
			productType = "com.apple.product-type.bundle.ui-testing";
		};
/* End PBXNativeTarget section */

/* Begin PBXProject section */
		AC36F85B25683641002AD590 /* Project object */ = {
			isa = PBXProject;
			attributes = {
				LastSwiftUpdateCheck = 1220;
				LastUpgradeCheck = 1220;
				TargetAttributes = {
					AC36F86225683641002AD590 = {
						CreatedOnToolsVersion = 12.2;
					};
					AC36F87B25683646002AD590 = {
						CreatedOnToolsVersion = 12.2;
						TestTargetID = AC36F86225683641002AD590;
					};
					AC36F88625683646002AD590 = {
						CreatedOnToolsVersion = 12.2;
						TestTargetID = AC36F86225683641002AD590;
					};
				};
			};
			buildConfigurationList = AC36F85E25683641002AD590 /* Build configuration list for PBXProject "fitted" */;
			compatibilityVersion = "Xcode 9.3";
			developmentRegion = en;
			hasScannedForEncodings = 0;
			knownRegions = (
				en,
				Base,
			);
			mainGroup = AC36F85A25683641002AD590;
			productRefGroup = AC36F86425683641002AD590 /* Products */;
			projectDirPath = "";
			projectRoot = "";
			targets = (
				AC36F86225683641002AD590 /* fitted */,
				AC36F87B25683646002AD590 /* fittedTests */,
				AC36F88625683646002AD590 /* fittedUITests */,
			);
		};
/* End PBXProject section */

/* Begin PBXResourcesBuildPhase section */
		AC36F86125683641002AD590 /* Resources */ = {
			isa = PBXResourcesBuildPhase;
			buildActionMask = 2147483647;
			files = (
				AC36F87625683646002AD590 /* LaunchScreen.storyboard in Resources */,
				AC176F2525689CFE000C391B /* DiscoverCollectionViewCell.xib in Resources */,
				AC36F87325683646002AD590 /* Assets.xcassets in Resources */,
				AC3EC0E8256E91C300F00A46 /* WeatherCollectionViewCell.xib in Resources */,
				AC176F2D25689D15000C391B /* SavedItemCollectionViewCell.xib in Resources */,
				AC176F342568B148000C391B /* DiscoverByCollectionViewCell.xib in Resources */,
				ACBCA8A5256F208A00DC0FC8 /* CategoryCollectionViewCell.xib in Resources */,
				AC3EC090256B0A3F00F00A46 /* sectionHeaderReuseableView.xib in Resources */,
				AC3EC0EF256E91D100F00A46 /* MoodCollectionViewCell.xib in Resources */,
				AC3EC097256BE7A700F00A46 /* SavedCollectionViewCell.xib in Resources */,
				AC36F86E25683641002AD590 /* Main.storyboard in Resources */,
				AC3EC0D6256C0DC100F00A46 /* SelectedItemCollectionViewCell.xib in Resources */,
				ACBCA8BC257023F100DC0FC8 /* VirtualClosetCollectionViewCell.xib in Resources */,
				AC3EC0DD256C33A200F00A46 /* ItemCollectionViewCell.xib in Resources */,
				AC3EC0C5256BFAC200F00A46 /* CreateOutfitCollectionReusableView.xib in Resources */,
				AC3EC0BE256BFAAE00F00A46 /* CreateOutfitCollectionViewCell.xib in Resources */,
			);
			runOnlyForDeploymentPostprocessing = 0;
		};
		AC36F87A25683646002AD590 /* Resources */ = {
			isa = PBXResourcesBuildPhase;
			buildActionMask = 2147483647;
			files = (
			);
			runOnlyForDeploymentPostprocessing = 0;
		};
		AC36F88525683646002AD590 /* Resources */ = {
			isa = PBXResourcesBuildPhase;
			buildActionMask = 2147483647;
			files = (
			);
			runOnlyForDeploymentPostprocessing = 0;
		};
/* End PBXResourcesBuildPhase section */

/* Begin PBXSourcesBuildPhase section */
		AC36F85F25683641002AD590 /* Sources */ = {
			isa = PBXSourcesBuildPhase;
			buildActionMask = 2147483647;
			files = (
				AC3EC0C4256BFAC200F00A46 /* CreateOutfitCollectionReusableView.swift in Sources */,
				AC36F86B25683641002AD590 /* ViewController.swift in Sources */,
				ACBCA88A256ED87C00DC0FC8 /* Structs.swift in Sources */,
				ACBCA8A4256F208A00DC0FC8 /* CategoryCollectionViewCell.swift in Sources */,
				AC3EC0BD256BFAAE00F00A46 /* CreateOutfitCollectionViewCell.swift in Sources */,
				AC3EC0DC256C33A200F00A46 /* ItemCollectionViewCell.swift in Sources */,
				AC88B8B72578E45800E6EE55 /* Outfit+CoreDataProperties.swift in Sources */,
				AC36F86725683641002AD590 /* AppDelegate.swift in Sources */,
				ACBCA8B1257022AC00DC0FC8 /* VirtualClosetCollectionViewController.swift in Sources */,
				ACBCA8BB257023F100DC0FC8 /* VirtualClosetCollectionViewCell.swift in Sources */,
				AC3EC0EE256E91D100F00A46 /* MoodCollectionViewCell.swift in Sources */,
				AC3EC0E7256E91C300F00A46 /* WeatherCollectionViewCell.swift in Sources */,
				AC176F332568B148000C391B /* DiscoverByCollectionViewCell.swift in Sources */,
				AC88B8B62578E45800E6EE55 /* Outfit+CoreDataClass.swift in Sources */,
				AC36F86925683641002AD590 /* SceneDelegate.swift in Sources */,
				AC36F8A625683B9B002AD590 /* DiscoverViewController.swift in Sources */,
				AC3EC0CF256BFB3D00F00A46 /* CreateClothingItemContainerViewController.swift in Sources */,
				AC88B8B42578E45800E6EE55 /* Clothing+CoreDataClass.swift in Sources */,
				AC36F8A025683831002AD590 /* LoginViewController.swift in Sources */,
				AC3EC08F256B0A3F00F00A46 /* sectionHeaderReuseableView.swift in Sources */,
				AC36F87125683641002AD590 /* fitted.xcdatamodeld in Sources */,
				AC3EC0D5256C0DC100F00A46 /* SelectedItemCollectionViewCell.swift in Sources */,
				AC3EC0B4256BF7E300F00A46 /* CreateViewController.swift in Sources */,
				AC3EC0CA256BFB2700F00A46 /* CreateOutfitContainerViewController.swift in Sources */,
				AC3EC096256BE7A700F00A46 /* SavedCollectionViewCell.swift in Sources */,
				ACC6B398256ECD5900BE33FE /* CoreDataManager.swift in Sources */,
				AC176F2425689CFE000C391B /* DiscoverCollectionViewCell.swift in Sources */,
				AC88B8C22578ED0B00E6EE55 /* AddClothingItemCollectionViewController.swift in Sources */,
				AC176F2C25689D15000C391B /* SavedItemCollectionViewCell.swift in Sources */,
				AC88B8B52578E45800E6EE55 /* Clothing+CoreDataProperties.swift in Sources */,
			);
			runOnlyForDeploymentPostprocessing = 0;
		};
		AC36F87825683646002AD590 /* Sources */ = {
			isa = PBXSourcesBuildPhase;
			buildActionMask = 2147483647;
			files = (
				AC36F88125683646002AD590 /* fittedTests.swift in Sources */,
			);
			runOnlyForDeploymentPostprocessing = 0;
		};
		AC36F88325683646002AD590 /* Sources */ = {
			isa = PBXSourcesBuildPhase;
			buildActionMask = 2147483647;
			files = (
				AC36F88C25683646002AD590 /* fittedUITests.swift in Sources */,
			);
			runOnlyForDeploymentPostprocessing = 0;
		};
/* End PBXSourcesBuildPhase section */

/* Begin PBXTargetDependency section */
		AC36F87E25683646002AD590 /* PBXTargetDependency */ = {
			isa = PBXTargetDependency;
			target = AC36F86225683641002AD590 /* fitted */;
			targetProxy = AC36F87D25683646002AD590 /* PBXContainerItemProxy */;
		};
		AC36F88925683646002AD590 /* PBXTargetDependency */ = {
			isa = PBXTargetDependency;
			target = AC36F86225683641002AD590 /* fitted */;
			targetProxy = AC36F88825683646002AD590 /* PBXContainerItemProxy */;
		};
/* End PBXTargetDependency section */

/* Begin PBXVariantGroup section */
		AC36F86C25683641002AD590 /* Main.storyboard */ = {
			isa = PBXVariantGroup;
			children = (
				AC36F86D25683641002AD590 /* Base */,
			);
			name = Main.storyboard;
			sourceTree = "<group>";
		};
		AC36F87425683646002AD590 /* LaunchScreen.storyboard */ = {
			isa = PBXVariantGroup;
			children = (
				AC36F87525683646002AD590 /* Base */,
			);
			name = LaunchScreen.storyboard;
			sourceTree = "<group>";
		};
/* End PBXVariantGroup section */

/* Begin XCBuildConfiguration section */
		AC36F88E25683646002AD590 /* Debug */ = {
			isa = XCBuildConfiguration;
			buildSettings = {
				ALWAYS_SEARCH_USER_PATHS = NO;
				CLANG_ANALYZER_NONNULL = YES;
				CLANG_ANALYZER_NUMBER_OBJECT_CONVERSION = YES_AGGRESSIVE;
				CLANG_CXX_LANGUAGE_STANDARD = "gnu++14";
				CLANG_CXX_LIBRARY = "libc++";
				CLANG_ENABLE_MODULES = YES;
				CLANG_ENABLE_OBJC_ARC = YES;
				CLANG_ENABLE_OBJC_WEAK = YES;
				CLANG_WARN_BLOCK_CAPTURE_AUTORELEASING = YES;
				CLANG_WARN_BOOL_CONVERSION = YES;
				CLANG_WARN_COMMA = YES;
				CLANG_WARN_CONSTANT_CONVERSION = YES;
				CLANG_WARN_DEPRECATED_OBJC_IMPLEMENTATIONS = YES;
				CLANG_WARN_DIRECT_OBJC_ISA_USAGE = YES_ERROR;
				CLANG_WARN_DOCUMENTATION_COMMENTS = YES;
				CLANG_WARN_EMPTY_BODY = YES;
				CLANG_WARN_ENUM_CONVERSION = YES;
				CLANG_WARN_INFINITE_RECURSION = YES;
				CLANG_WARN_INT_CONVERSION = YES;
				CLANG_WARN_NON_LITERAL_NULL_CONVERSION = YES;
				CLANG_WARN_OBJC_IMPLICIT_RETAIN_SELF = YES;
				CLANG_WARN_OBJC_LITERAL_CONVERSION = YES;
				CLANG_WARN_OBJC_ROOT_CLASS = YES_ERROR;
				CLANG_WARN_QUOTED_INCLUDE_IN_FRAMEWORK_HEADER = YES;
				CLANG_WARN_RANGE_LOOP_ANALYSIS = YES;
				CLANG_WARN_STRICT_PROTOTYPES = YES;
				CLANG_WARN_SUSPICIOUS_MOVE = YES;
				CLANG_WARN_UNGUARDED_AVAILABILITY = YES_AGGRESSIVE;
				CLANG_WARN_UNREACHABLE_CODE = YES;
				CLANG_WARN__DUPLICATE_METHOD_MATCH = YES;
				COPY_PHASE_STRIP = NO;
				DEBUG_INFORMATION_FORMAT = dwarf;
				ENABLE_STRICT_OBJC_MSGSEND = YES;
				ENABLE_TESTABILITY = YES;
				GCC_C_LANGUAGE_STANDARD = gnu11;
				GCC_DYNAMIC_NO_PIC = NO;
				GCC_NO_COMMON_BLOCKS = YES;
				GCC_OPTIMIZATION_LEVEL = 0;
				GCC_PREPROCESSOR_DEFINITIONS = (
					"DEBUG=1",
					"$(inherited)",
				);
				GCC_WARN_64_TO_32_BIT_CONVERSION = YES;
				GCC_WARN_ABOUT_RETURN_TYPE = YES_ERROR;
				GCC_WARN_UNDECLARED_SELECTOR = YES;
				GCC_WARN_UNINITIALIZED_AUTOS = YES_AGGRESSIVE;
				GCC_WARN_UNUSED_FUNCTION = YES;
				GCC_WARN_UNUSED_VARIABLE = YES;
				IPHONEOS_DEPLOYMENT_TARGET = 14.2;
				MTL_ENABLE_DEBUG_INFO = INCLUDE_SOURCE;
				MTL_FAST_MATH = YES;
				ONLY_ACTIVE_ARCH = YES;
				SDKROOT = iphoneos;
				SWIFT_ACTIVE_COMPILATION_CONDITIONS = DEBUG;
				SWIFT_OPTIMIZATION_LEVEL = "-Onone";
			};
			name = Debug;
		};
		AC36F88F25683646002AD590 /* Release */ = {
			isa = XCBuildConfiguration;
			buildSettings = {
				ALWAYS_SEARCH_USER_PATHS = NO;
				CLANG_ANALYZER_NONNULL = YES;
				CLANG_ANALYZER_NUMBER_OBJECT_CONVERSION = YES_AGGRESSIVE;
				CLANG_CXX_LANGUAGE_STANDARD = "gnu++14";
				CLANG_CXX_LIBRARY = "libc++";
				CLANG_ENABLE_MODULES = YES;
				CLANG_ENABLE_OBJC_ARC = YES;
				CLANG_ENABLE_OBJC_WEAK = YES;
				CLANG_WARN_BLOCK_CAPTURE_AUTORELEASING = YES;
				CLANG_WARN_BOOL_CONVERSION = YES;
				CLANG_WARN_COMMA = YES;
				CLANG_WARN_CONSTANT_CONVERSION = YES;
				CLANG_WARN_DEPRECATED_OBJC_IMPLEMENTATIONS = YES;
				CLANG_WARN_DIRECT_OBJC_ISA_USAGE = YES_ERROR;
				CLANG_WARN_DOCUMENTATION_COMMENTS = YES;
				CLANG_WARN_EMPTY_BODY = YES;
				CLANG_WARN_ENUM_CONVERSION = YES;
				CLANG_WARN_INFINITE_RECURSION = YES;
				CLANG_WARN_INT_CONVERSION = YES;
				CLANG_WARN_NON_LITERAL_NULL_CONVERSION = YES;
				CLANG_WARN_OBJC_IMPLICIT_RETAIN_SELF = YES;
				CLANG_WARN_OBJC_LITERAL_CONVERSION = YES;
				CLANG_WARN_OBJC_ROOT_CLASS = YES_ERROR;
				CLANG_WARN_QUOTED_INCLUDE_IN_FRAMEWORK_HEADER = YES;
				CLANG_WARN_RANGE_LOOP_ANALYSIS = YES;
				CLANG_WARN_STRICT_PROTOTYPES = YES;
				CLANG_WARN_SUSPICIOUS_MOVE = YES;
				CLANG_WARN_UNGUARDED_AVAILABILITY = YES_AGGRESSIVE;
				CLANG_WARN_UNREACHABLE_CODE = YES;
				CLANG_WARN__DUPLICATE_METHOD_MATCH = YES;
				COPY_PHASE_STRIP = NO;
				DEBUG_INFORMATION_FORMAT = "dwarf-with-dsym";
				ENABLE_NS_ASSERTIONS = NO;
				ENABLE_STRICT_OBJC_MSGSEND = YES;
				GCC_C_LANGUAGE_STANDARD = gnu11;
				GCC_NO_COMMON_BLOCKS = YES;
				GCC_WARN_64_TO_32_BIT_CONVERSION = YES;
				GCC_WARN_ABOUT_RETURN_TYPE = YES_ERROR;
				GCC_WARN_UNDECLARED_SELECTOR = YES;
				GCC_WARN_UNINITIALIZED_AUTOS = YES_AGGRESSIVE;
				GCC_WARN_UNUSED_FUNCTION = YES;
				GCC_WARN_UNUSED_VARIABLE = YES;
				IPHONEOS_DEPLOYMENT_TARGET = 14.2;
				MTL_ENABLE_DEBUG_INFO = NO;
				MTL_FAST_MATH = YES;
				SDKROOT = iphoneos;
				SWIFT_COMPILATION_MODE = wholemodule;
				SWIFT_OPTIMIZATION_LEVEL = "-O";
				VALIDATE_PRODUCT = YES;
			};
			name = Release;
		};
		AC36F89125683646002AD590 /* Debug */ = {
			isa = XCBuildConfiguration;
			buildSettings = {
				ASSETCATALOG_COMPILER_APPICON_NAME = AppIcon;
				ASSETCATALOG_COMPILER_GLOBAL_ACCENT_COLOR_NAME = AccentColor;
				CODE_SIGN_STYLE = Automatic;
				DEVELOPMENT_TEAM = 2C676ZXQLR;
				INFOPLIST_FILE = fitted/Info.plist;
				LD_RUNPATH_SEARCH_PATHS = (
					"$(inherited)",
					"@executable_path/Frameworks",
				);
				PRODUCT_BUNDLE_IDENTIFIER = ylawer.fitted;
				PRODUCT_NAME = "$(TARGET_NAME)";
				SWIFT_VERSION = 5.0;
				TARGETED_DEVICE_FAMILY = "1,2";
			};
			name = Debug;
		};
		AC36F89225683646002AD590 /* Release */ = {
			isa = XCBuildConfiguration;
			buildSettings = {
				ASSETCATALOG_COMPILER_APPICON_NAME = AppIcon;
				ASSETCATALOG_COMPILER_GLOBAL_ACCENT_COLOR_NAME = AccentColor;
				CODE_SIGN_STYLE = Automatic;
				DEVELOPMENT_TEAM = 2C676ZXQLR;
				INFOPLIST_FILE = fitted/Info.plist;
				LD_RUNPATH_SEARCH_PATHS = (
					"$(inherited)",
					"@executable_path/Frameworks",
				);
				PRODUCT_BUNDLE_IDENTIFIER = ylawer.fitted;
				PRODUCT_NAME = "$(TARGET_NAME)";
				SWIFT_VERSION = 5.0;
				TARGETED_DEVICE_FAMILY = "1,2";
			};
			name = Release;
		};
		AC36F89425683646002AD590 /* Debug */ = {
			isa = XCBuildConfiguration;
			buildSettings = {
				ALWAYS_EMBED_SWIFT_STANDARD_LIBRARIES = YES;
				BUNDLE_LOADER = "$(TEST_HOST)";
				CODE_SIGN_STYLE = Automatic;
				DEVELOPMENT_TEAM = 2C676ZXQLR;
				INFOPLIST_FILE = fittedTests/Info.plist;
				IPHONEOS_DEPLOYMENT_TARGET = 14.2;
				LD_RUNPATH_SEARCH_PATHS = (
					"$(inherited)",
					"@executable_path/Frameworks",
					"@loader_path/Frameworks",
				);
				PRODUCT_BUNDLE_IDENTIFIER = ylawer.fittedTests;
				PRODUCT_NAME = "$(TARGET_NAME)";
				SWIFT_VERSION = 5.0;
				TARGETED_DEVICE_FAMILY = "1,2";
				TEST_HOST = "$(BUILT_PRODUCTS_DIR)/fitted.app/fitted";
			};
			name = Debug;
		};
		AC36F89525683646002AD590 /* Release */ = {
			isa = XCBuildConfiguration;
			buildSettings = {
				ALWAYS_EMBED_SWIFT_STANDARD_LIBRARIES = YES;
				BUNDLE_LOADER = "$(TEST_HOST)";
				CODE_SIGN_STYLE = Automatic;
				DEVELOPMENT_TEAM = 2C676ZXQLR;
				INFOPLIST_FILE = fittedTests/Info.plist;
				IPHONEOS_DEPLOYMENT_TARGET = 14.2;
				LD_RUNPATH_SEARCH_PATHS = (
					"$(inherited)",
					"@executable_path/Frameworks",
					"@loader_path/Frameworks",
				);
				PRODUCT_BUNDLE_IDENTIFIER = ylawer.fittedTests;
				PRODUCT_NAME = "$(TARGET_NAME)";
				SWIFT_VERSION = 5.0;
				TARGETED_DEVICE_FAMILY = "1,2";
				TEST_HOST = "$(BUILT_PRODUCTS_DIR)/fitted.app/fitted";
			};
			name = Release;
		};
		AC36F89725683646002AD590 /* Debug */ = {
			isa = XCBuildConfiguration;
			buildSettings = {
				ALWAYS_EMBED_SWIFT_STANDARD_LIBRARIES = YES;
				CODE_SIGN_STYLE = Automatic;
				DEVELOPMENT_TEAM = 2C676ZXQLR;
				INFOPLIST_FILE = fittedUITests/Info.plist;
				LD_RUNPATH_SEARCH_PATHS = (
					"$(inherited)",
					"@executable_path/Frameworks",
					"@loader_path/Frameworks",
				);
				PRODUCT_BUNDLE_IDENTIFIER = ylawer.fittedUITests;
				PRODUCT_NAME = "$(TARGET_NAME)";
				SWIFT_VERSION = 5.0;
				TARGETED_DEVICE_FAMILY = "1,2";
				TEST_TARGET_NAME = fitted;
			};
			name = Debug;
		};
		AC36F89825683646002AD590 /* Release */ = {
			isa = XCBuildConfiguration;
			buildSettings = {
				ALWAYS_EMBED_SWIFT_STANDARD_LIBRARIES = YES;
				CODE_SIGN_STYLE = Automatic;
				DEVELOPMENT_TEAM = 2C676ZXQLR;
				INFOPLIST_FILE = fittedUITests/Info.plist;
				LD_RUNPATH_SEARCH_PATHS = (
					"$(inherited)",
					"@executable_path/Frameworks",
					"@loader_path/Frameworks",
				);
				PRODUCT_BUNDLE_IDENTIFIER = ylawer.fittedUITests;
				PRODUCT_NAME = "$(TARGET_NAME)";
				SWIFT_VERSION = 5.0;
				TARGETED_DEVICE_FAMILY = "1,2";
				TEST_TARGET_NAME = fitted;
			};
			name = Release;
		};
/* End XCBuildConfiguration section */

/* Begin XCConfigurationList section */
		AC36F85E25683641002AD590 /* Build configuration list for PBXProject "fitted" */ = {
			isa = XCConfigurationList;
			buildConfigurations = (
				AC36F88E25683646002AD590 /* Debug */,
				AC36F88F25683646002AD590 /* Release */,
			);
			defaultConfigurationIsVisible = 0;
			defaultConfigurationName = Release;
		};
		AC36F89025683646002AD590 /* Build configuration list for PBXNativeTarget "fitted" */ = {
			isa = XCConfigurationList;
			buildConfigurations = (
				AC36F89125683646002AD590 /* Debug */,
				AC36F89225683646002AD590 /* Release */,
			);
			defaultConfigurationIsVisible = 0;
			defaultConfigurationName = Release;
		};
		AC36F89325683646002AD590 /* Build configuration list for PBXNativeTarget "fittedTests" */ = {
			isa = XCConfigurationList;
			buildConfigurations = (
				AC36F89425683646002AD590 /* Debug */,
				AC36F89525683646002AD590 /* Release */,
			);
			defaultConfigurationIsVisible = 0;
			defaultConfigurationName = Release;
		};
		AC36F89625683646002AD590 /* Build configuration list for PBXNativeTarget "fittedUITests" */ = {
			isa = XCConfigurationList;
			buildConfigurations = (
				AC36F89725683646002AD590 /* Debug */,
				AC36F89825683646002AD590 /* Release */,
			);
			defaultConfigurationIsVisible = 0;
			defaultConfigurationName = Release;
		};
/* End XCConfigurationList section */

/* Begin XCVersionGroup section */
		AC36F86F25683641002AD590 /* fitted.xcdatamodeld */ = {
			isa = XCVersionGroup;
			children = (
				AC36F87025683641002AD590 /* fitted.xcdatamodel */,
			);
			currentVersion = AC36F87025683641002AD590 /* fitted.xcdatamodel */;
			path = fitted.xcdatamodeld;
			sourceTree = "<group>";
			versionGroupType = wrapper.xcdatamodel;
		};
/* End XCVersionGroup section */
	};
	rootObject = AC36F85B25683641002AD590 /* Project object */;
}
