// !$*UTF8*$!
{
	archiveVersion = 1;
	classes = {
	};
	objectVersion = 50;
	objects = {

/* Begin PBXBuildFile section */
		AC36F86725683641002AD590 /* AppDelegate.swift in Sources */ = {isa = PBXBuildFile; fileRef = AC36F86625683641002AD590 /* AppDelegate.swift */; };
		AC36F86925683641002AD590 /* SceneDelegate.swift in Sources */ = {isa = PBXBuildFile; fileRef = AC36F86825683641002AD590 /* SceneDelegate.swift */; };
		AC36F86B25683641002AD590 /* ViewController.swift in Sources */ = {isa = PBXBuildFile; fileRef = AC36F86A25683641002AD590 /* ViewController.swift */; };
		AC36F86E25683641002AD590 /* Main.storyboard in Resources */ = {isa = PBXBuildFile; fileRef = AC36F86C25683641002AD590 /* Main.storyboard */; };
		AC36F87125683641002AD590 /* fitted.xcdatamodeld in Sources */ = {isa = PBXBuildFile; fileRef = AC36F86F25683641002AD590 /* fitted.xcdatamodeld */; };
		AC36F87325683646002AD590 /* Assets.xcassets in Resources */ = {isa = PBXBuildFile; fileRef = AC36F87225683646002AD590 /* Assets.xcassets */; };
		AC36F87625683646002AD590 /* LaunchScreen.storyboard in Resources */ = {isa = PBXBuildFile; fileRef = AC36F87425683646002AD590 /* LaunchScreen.storyboard */; };
		AC36F88125683646002AD590 /* fittedTests.swift in Sources */ = {isa = PBXBuildFile; fileRef = AC36F88025683646002AD590 /* fittedTests.swift */; };
		AC36F88C25683646002AD590 /* fittedUITests.swift in Sources */ = {isa = PBXBuildFile; fileRef = AC36F88B25683646002AD590 /* fittedUITests.swift */; };
/* End PBXBuildFile section */

/* Begin PBXContainerItemProxy section */
		AC36F87D25683646002AD590 /* PBXContainerItemProxy */ = {
			isa = PBXContainerItemProxy;
			containerPortal = AC36F85B25683641002AD590 /* Project object */;
			proxyType = 1;
			remoteGlobalIDString = AC36F86225683641002AD590;
			remoteInfo = fitted;
		};
		AC36F88825683646002AD590 /* PBXContainerItemProxy */ = {
			isa = PBXContainerItemProxy;
			containerPortal = AC36F85B25683641002AD590 /* Project object */;
			proxyType = 1;
			remoteGlobalIDString = AC36F86225683641002AD590;
			remoteInfo = fitted;
		};
/* End PBXContainerItemProxy section */

/* Begin PBXFileReference section */
		AC36F86325683641002AD590 /* fitted.app */ = {isa = PBXFileReference; explicitFileType = wrapper.application; includeInIndex = 0; path = fitted.app; sourceTree = BUILT_PRODUCTS_DIR; };
		AC36F86625683641002AD590 /* AppDelegate.swift */ = {isa = PBXFileReference; lastKnownFileType = sourcecode.swift; path = AppDelegate.swift; sourceTree = "<group>"; };
		AC36F86825683641002AD590 /* SceneDelegate.swift */ = {isa = PBXFileReference; lastKnownFileType = sourcecode.swift; path = SceneDelegate.swift; sourceTree = "<group>"; };
		AC36F86A25683641002AD590 /* ViewController.swift */ = {isa = PBXFileReference; lastKnownFileType = sourcecode.swift; path = ViewController.swift; sourceTree = "<group>"; };
		AC36F86D25683641002AD590 /* Base */ = {isa = PBXFileReference; lastKnownFileType = file.storyboard; name = Base; path = Base.lproj/Main.storyboard; sourceTree = "<group>"; };
		AC36F87025683641002AD590 /* fitted.xcdatamodel */ = {isa = PBXFileReference; lastKnownFileType = wrapper.xcdatamodel; path = fitted.xcdatamodel; sourceTree = "<group>"; };
		AC36F87225683646002AD590 /* Assets.xcassets */ = {isa = PBXFileReference; lastKnownFileType = folder.assetcatalog; path = Assets.xcassets; sourceTree = "<group>"; };
		AC36F87525683646002AD590 /* Base */ = {isa = PBXFileReference; lastKnownFileType = file.storyboard; name = Base; path = Base.lproj/LaunchScreen.storyboard; sourceTree = "<group>"; };
		AC36F87725683646002AD590 /* Info.plist */ = {isa = PBXFileReference; lastKnownFileType = text.plist.xml; path = Info.plist; sourceTree = "<group>"; };
		AC36F87C25683646002AD590 /* fittedTests.xctest */ = {isa = PBXFileReference; explicitFileType = wrapper.cfbundle; includeInIndex = 0; path = fittedTests.xctest; sourceTree = BUILT_PRODUCTS_DIR; };
		AC36F88025683646002AD590 /* fittedTests.swift */ = {isa = PBXFileReference; lastKnownFileType = sourcecode.swift; path = fittedTests.swift; sourceTree = "<group>"; };
		AC36F88225683646002AD590 /* Info.plist */ = {isa = PBXFileReference; lastKnownFileType = text.plist.xml; path = Info.plist; sourceTree = "<group>"; };
		AC36F88725683646002AD590 /* fittedUITests.xctest */ = {isa = PBXFileReference; explicitFileType = wrapper.cfbundle; includeInIndex = 0; path = fittedUITests.xctest; sourceTree = BUILT_PRODUCTS_DIR; };
		AC36F88B25683646002AD590 /* fittedUITests.swift */ = {isa = PBXFileReference; lastKnownFileType = sourcecode.swift; path = fittedUITests.swift; sourceTree = "<group>"; };
		AC36F88D25683646002AD590 /* Info.plist */ = {isa = PBXFileReference; lastKnownFileType = text.plist.xml; path = Info.plist; sourceTree = "<group>"; };
/* End PBXFileReference section */

/* Begin PBXFrameworksBuildPhase section */
		AC36F86025683641002AD590 /* Frameworks */ = {
			isa = PBXFrameworksBuildPhase;
			buildActionMask = 2147483647;
			files = (
			);
			runOnlyForDeploymentPostprocessing = 0;
		};
		AC36F87925683646002AD590 /* Frameworks */ = {
			isa = PBXFrameworksBuildPhase;
			buildActionMask = 2147483647;
			files = (
			);
			runOnlyForDeploymentPostprocessing = 0;
		};
		AC36F88425683646002AD590 /* Frameworks */ = {
			isa = PBXFrameworksBuildPhase;
			buildActionMask = 2147483647;
			files = (
			);
			runOnlyForDeploymentPostprocessing = 0;
		};
/* End PBXFrameworksBuildPhase section */

/* Begin PBXGroup section */
		AC36F85A25683641002AD590 = {
			isa = PBXGroup;
			children = (
				AC36F86525683641002AD590 /* fitted */,
				AC36F87F25683646002AD590 /* fittedTests */,
				AC36F88A25683646002AD590 /* fittedUITests */,
				AC36F86425683641002AD590 /* Products */,
			);
			sourceTree = "<group>";
		};
		AC36F86425683641002AD590 /* Products */ = {
			isa = PBXGroup;
			children = (
				AC36F86325683641002AD590 /* fitted.app */,
				AC36F87C25683646002AD590 /* fittedTests.xctest */,
				AC36F88725683646002AD590 /* fittedUITests.xctest */,
			);
			name = Products;
			sourceTree = "<group>";
		};
		AC36F86525683641002AD590 /* fitted */ = {
			isa = PBXGroup;
			children = (
				AC36F86625683641002AD590 /* AppDelegate.swift */,
				AC36F86825683641002AD590 /* SceneDelegate.swift */,
				AC36F86A25683641002AD590 /* ViewController.swift */,
				AC36F86C25683641002AD590 /* Main.storyboard */,
				AC36F87225683646002AD590 /* Assets.xcassets */,
				AC36F87425683646002AD590 /* LaunchScreen.storyboard */,
				AC36F87725683646002AD590 /* Info.plist */,
				AC36F86F25683641002AD590 /* fitted.xcdatamodeld */,
			);
			path = fitted;
			sourceTree = "<group>";
		};
		AC36F87F25683646002AD590 /* fittedTests */ = {
			isa = PBXGroup;
			children = (
				AC36F88025683646002AD590 /* fittedTests.swift */,
				AC36F88225683646002AD590 /* Info.plist */,
			);
			path = fittedTests;
			sourceTree = "<group>";
		};
		AC36F88A25683646002AD590 /* fittedUITests */ = {
			isa = PBXGroup;
			children = (
				AC36F88B25683646002AD590 /* fittedUITests.swift */,
				AC36F88D25683646002AD590 /* Info.plist */,
			);
			path = fittedUITests;
			sourceTree = "<group>";
		};
/* End PBXGroup section */

/* Begin PBXNativeTarget section */
		AC36F86225683641002AD590 /* fitted */ = {
			isa = PBXNativeTarget;
			buildConfigurationList = AC36F89025683646002AD590 /* Build configuration list for PBXNativeTarget "fitted" */;
			buildPhases = (
				AC36F85F25683641002AD590 /* Sources */,
				AC36F86025683641002AD590 /* Frameworks */,
				AC36F86125683641002AD590 /* Resources */,
			);
			buildRules = (
			);
			dependencies = (
			);
			name = fitted;
			productName = fitted;
			productReference = AC36F86325683641002AD590 /* fitted.app */;
			productType = "com.apple.product-type.application";
		};
		AC36F87B25683646002AD590 /* fittedTests */ = {
			isa = PBXNativeTarget;
			buildConfigurationList = AC36F89325683646002AD590 /* Build configuration list for PBXNativeTarget "fittedTests" */;
			buildPhases = (
				AC36F87825683646002AD590 /* Sources */,
				AC36F87925683646002AD590 /* Frameworks */,
				AC36F87A25683646002AD590 /* Resources */,
			);
			buildRules = (
			);
			dependencies = (
				AC36F87E25683646002AD590 /* PBXTargetDependency */,
			);
			name = fittedTests;
			productName = fittedTests;
			productReference = AC36F87C25683646002AD590 /* fittedTests.xctest */;
			productType = "com.apple.product-type.bundle.unit-test";
		};
		AC36F88625683646002AD590 /* fittedUITests */ = {
			isa = PBXNativeTarget;
			buildConfigurationList = AC36F89625683646002AD590 /* Build configuration list for PBXNativeTarget "fittedUITests" */;
			buildPhases = (
				AC36F88325683646002AD590 /* Sources */,
				AC36F88425683646002AD590 /* Frameworks */,
				AC36F88525683646002AD590 /* Resources */,
			);
			buildRules = (
			);
			dependencies = (
				AC36F88925683646002AD590 /* PBXTargetDependency */,
			);
			name = fittedUITests;
			productName = fittedUITests;
			productReference = AC36F88725683646002AD590 /* fittedUITests.xctest */;
			productType = "com.apple.product-type.bundle.ui-testing";
		};
/* End PBXNativeTarget section */

/* Begin PBXProject section */
		AC36F85B25683641002AD590 /* Project object */ = {
			isa = PBXProject;
			attributes = {
				LastSwiftUpdateCheck = 1220;
				LastUpgradeCheck = 1220;
				TargetAttributes = {
					AC36F86225683641002AD590 = {
						CreatedOnToolsVersion = 12.2;
					};
					AC36F87B25683646002AD590 = {
						CreatedOnToolsVersion = 12.2;
						TestTargetID = AC36F86225683641002AD590;
					};
					AC36F88625683646002AD590 = {
						CreatedOnToolsVersion = 12.2;
						TestTargetID = AC36F86225683641002AD590;
					};
				};
			};
			buildConfigurationList = AC36F85E25683641002AD590 /* Build configuration list for PBXProject "fitted" */;
			compatibilityVersion = "Xcode 9.3";
			developmentRegion = en;
			hasScannedForEncodings = 0;
			knownRegions = (
				en,
				Base,
			);
			mainGroup = AC36F85A25683641002AD590;
			productRefGroup = AC36F86425683641002AD590 /* Products */;
			projectDirPath = "";
			projectRoot = "";
			targets = (
				AC36F86225683641002AD590 /* fitted */,
				AC36F87B25683646002AD590 /* fittedTests */,
				AC36F88625683646002AD590 /* fittedUITests */,
			);
		};
/* End PBXProject section */

/* Begin PBXResourcesBuildPhase section */
		AC36F86125683641002AD590 /* Resources */ = {
			isa = PBXResourcesBuildPhase;
			buildActionMask = 2147483647;
			files = (
				AC36F87625683646002AD590 /* LaunchScreen.storyboard in Resources */,
				AC36F87325683646002AD590 /* Assets.xcassets in Resources */,
				AC36F86E25683641002AD590 /* Main.storyboard in Resources */,
			);
			runOnlyForDeploymentPostprocessing = 0;
		};
		AC36F87A25683646002AD590 /* Resources */ = {
			isa = PBXResourcesBuildPhase;
			buildActionMask = 2147483647;
			files = (
			);
			runOnlyForDeploymentPostprocessing = 0;
		};
		AC36F88525683646002AD590 /* Resources */ = {
			isa = PBXResourcesBuildPhase;
			buildActionMask = 2147483647;
			files = (
			);
			runOnlyForDeploymentPostprocessing = 0;
		};
/* End PBXResourcesBuildPhase section */

/* Begin PBXSourcesBuildPhase section */
		AC36F85F25683641002AD590 /* Sources */ = {
			isa = PBXSourcesBuildPhase;
			buildActionMask = 2147483647;
			files = (
				AC36F86B25683641002AD590 /* ViewController.swift in Sources */,
				AC36F86725683641002AD590 /* AppDelegate.swift in Sources */,
				AC36F86925683641002AD590 /* SceneDelegate.swift in Sources */,
				AC36F87125683641002AD590 /* fitted.xcdatamodeld in Sources */,
			);
			runOnlyForDeploymentPostprocessing = 0;
		};
		AC36F87825683646002AD590 /* Sources */ = {
			isa = PBXSourcesBuildPhase;
			buildActionMask = 2147483647;
			files = (
				AC36F88125683646002AD590 /* fittedTests.swift in Sources */,
			);
			runOnlyForDeploymentPostprocessing = 0;
		};
		AC36F88325683646002AD590 /* Sources */ = {
			isa = PBXSourcesBuildPhase;
			buildActionMask = 2147483647;
			files = (
				AC36F88C25683646002AD590 /* fittedUITests.swift in Sources */,
			);
			runOnlyForDeploymentPostprocessing = 0;
		};
/* End PBXSourcesBuildPhase section */

/* Begin PBXTargetDependency section */
		AC36F87E25683646002AD590 /* PBXTargetDependency */ = {
			isa = PBXTargetDependency;
			target = AC36F86225683641002AD590 /* fitted */;
			targetProxy = AC36F87D25683646002AD590 /* PBXContainerItemProxy */;
		};
		AC36F88925683646002AD590 /* PBXTargetDependency */ = {
			isa = PBXTargetDependency;
			target = AC36F86225683641002AD590 /* fitted */;
			targetProxy = AC36F88825683646002AD590 /* PBXContainerItemProxy */;
		};
/* End PBXTargetDependency section */

/* Begin PBXVariantGroup section */
		AC36F86C25683641002AD590 /* Main.storyboard */ = {
			isa = PBXVariantGroup;
			children = (
				AC36F86D25683641002AD590 /* Base */,
			);
			name = Main.storyboard;
			sourceTree = "<group>";
		};
		AC36F87425683646002AD590 /* LaunchScreen.storyboard */ = {
			isa = PBXVariantGroup;
			children = (
				AC36F87525683646002AD590 /* Base */,
			);
			name = LaunchScreen.storyboard;
			sourceTree = "<group>";
		};
/* End PBXVariantGroup section */

/* Begin XCBuildConfiguration section */
		AC36F88E25683646002AD590 /* Debug */ = {
			isa = XCBuildConfiguration;
			buildSettings = {
				ALWAYS_SEARCH_USER_PATHS = NO;
				CLANG_ANALYZER_NONNULL = YES;
				CLANG_ANALYZER_NUMBER_OBJECT_CONVERSION = YES_AGGRESSIVE;
				CLANG_CXX_LANGUAGE_STANDARD = "gnu++14";
				CLANG_CXX_LIBRARY = "libc++";
				CLANG_ENABLE_MODULES = YES;
				CLANG_ENABLE_OBJC_ARC = YES;
				CLANG_ENABLE_OBJC_WEAK = YES;
				CLANG_WARN_BLOCK_CAPTURE_AUTORELEASING = YES;
				CLANG_WARN_BOOL_CONVERSION = YES;
				CLANG_WARN_COMMA = YES;
				CLANG_WARN_CONSTANT_CONVERSION = YES;
				CLANG_WARN_DEPRECATED_OBJC_IMPLEMENTATIONS = YES;
				CLANG_WARN_DIRECT_OBJC_ISA_USAGE = YES_ERROR;
				CLANG_WARN_DOCUMENTATION_COMMENTS = YES;
				CLANG_WARN_EMPTY_BODY = YES;
				CLANG_WARN_ENUM_CONVERSION = YES;
				CLANG_WARN_INFINITE_RECURSION = YES;
				CLANG_WARN_INT_CONVERSION = YES;
				CLANG_WARN_NON_LITERAL_NULL_CONVERSION = YES;
				CLANG_WARN_OBJC_IMPLICIT_RETAIN_SELF = YES;
				CLANG_WARN_OBJC_LITERAL_CONVERSION = YES;
				CLANG_WARN_OBJC_ROOT_CLASS = YES_ERROR;
				CLANG_WARN_QUOTED_INCLUDE_IN_FRAMEWORK_HEADER = YES;
				CLANG_WARN_RANGE_LOOP_ANALYSIS = YES;
				CLANG_WARN_STRICT_PROTOTYPES = YES;
				CLANG_WARN_SUSPICIOUS_MOVE = YES;
				CLANG_WARN_UNGUARDED_AVAILABILITY = YES_AGGRESSIVE;
				CLANG_WARN_UNREACHABLE_CODE = YES;
				CLANG_WARN__DUPLICATE_METHOD_MATCH = YES;
				COPY_PHASE_STRIP = NO;
				DEBUG_INFORMATION_FORMAT = dwarf;
				ENABLE_STRICT_OBJC_MSGSEND = YES;
				ENABLE_TESTABILITY = YES;
				GCC_C_LANGUAGE_STANDARD = gnu11;
				GCC_DYNAMIC_NO_PIC = NO;
				GCC_NO_COMMON_BLOCKS = YES;
				GCC_OPTIMIZATION_LEVEL = 0;
				GCC_PREPROCESSOR_DEFINITIONS = (
					"DEBUG=1",
					"$(inherited)",
				);
				GCC_WARN_64_TO_32_BIT_CONVERSION = YES;
				GCC_WARN_ABOUT_RETURN_TYPE = YES_ERROR;
				GCC_WARN_UNDECLARED_SELECTOR = YES;
				GCC_WARN_UNINITIALIZED_AUTOS = YES_AGGRESSIVE;
				GCC_WARN_UNUSED_FUNCTION = YES;
				GCC_WARN_UNUSED_VARIABLE = YES;
				IPHONEOS_DEPLOYMENT_TARGET = 14.2;
				MTL_ENABLE_DEBUG_INFO = INCLUDE_SOURCE;
				MTL_FAST_MATH = YES;
				ONLY_ACTIVE_ARCH = YES;
				SDKROOT = iphoneos;
				SWIFT_ACTIVE_COMPILATION_CONDITIONS = DEBUG;
				SWIFT_OPTIMIZATION_LEVEL = "-Onone";
			};
			name = Debug;
		};
		AC36F88F25683646002AD590 /* Release */ = {
			isa = XCBuildConfiguration;
			buildSettings = {
				ALWAYS_SEARCH_USER_PATHS = NO;
				CLANG_ANALYZER_NONNULL = YES;
				CLANG_ANALYZER_NUMBER_OBJECT_CONVERSION = YES_AGGRESSIVE;
				CLANG_CXX_LANGUAGE_STANDARD = "gnu++14";
				CLANG_CXX_LIBRARY = "libc++";
				CLANG_ENABLE_MODULES = YES;
				CLANG_ENABLE_OBJC_ARC = YES;
				CLANG_ENABLE_OBJC_WEAK = YES;
				CLANG_WARN_BLOCK_CAPTURE_AUTORELEASING = YES;
				CLANG_WARN_BOOL_CONVERSION = YES;
				CLANG_WARN_COMMA = YES;
				CLANG_WARN_CONSTANT_CONVERSION = YES;
				CLANG_WARN_DEPRECATED_OBJC_IMPLEMENTATIONS = YES;
				CLANG_WARN_DIRECT_OBJC_ISA_USAGE = YES_ERROR;
				CLANG_WARN_DOCUMENTATION_COMMENTS = YES;
				CLANG_WARN_EMPTY_BODY = YES;
				CLANG_WARN_ENUM_CONVERSION = YES;
				CLANG_WARN_INFINITE_RECURSION = YES;
				CLANG_WARN_INT_CONVERSION = YES;
				CLANG_WARN_NON_LITERAL_NULL_CONVERSION = YES;
				CLANG_WARN_OBJC_IMPLICIT_RETAIN_SELF = YES;
				CLANG_WARN_OBJC_LITERAL_CONVERSION = YES;
				CLANG_WARN_OBJC_ROOT_CLASS = YES_ERROR;
				CLANG_WARN_QUOTED_INCLUDE_IN_FRAMEWORK_HEADER = YES;
				CLANG_WARN_RANGE_LOOP_ANALYSIS = YES;
				CLANG_WARN_STRICT_PROTOTYPES = YES;
				CLANG_WARN_SUSPICIOUS_MOVE = YES;
				CLANG_WARN_UNGUARDED_AVAILABILITY = YES_AGGRESSIVE;
				CLANG_WARN_UNREACHABLE_CODE = YES;
				CLANG_WARN__DUPLICATE_METHOD_MATCH = YES;
				COPY_PHASE_STRIP = NO;
				DEBUG_INFORMATION_FORMAT = "dwarf-with-dsym";
				ENABLE_NS_ASSERTIONS = NO;
				ENABLE_STRICT_OBJC_MSGSEND = YES;
				GCC_C_LANGUAGE_STANDARD = gnu11;
				GCC_NO_COMMON_BLOCKS = YES;
				GCC_WARN_64_TO_32_BIT_CONVERSION = YES;
				GCC_WARN_ABOUT_RETURN_TYPE = YES_ERROR;
				GCC_WARN_UNDECLARED_SELECTOR = YES;
				GCC_WARN_UNINITIALIZED_AUTOS = YES_AGGRESSIVE;
				GCC_WARN_UNUSED_FUNCTION = YES;
				GCC_WARN_UNUSED_VARIABLE = YES;
				IPHONEOS_DEPLOYMENT_TARGET = 14.2;
				MTL_ENABLE_DEBUG_INFO = NO;
				MTL_FAST_MATH = YES;
				SDKROOT = iphoneos;
				SWIFT_COMPILATION_MODE = wholemodule;
				SWIFT_OPTIMIZATION_LEVEL = "-O";
				VALIDATE_PRODUCT = YES;
			};
			name = Release;
		};
		AC36F89125683646002AD590 /* Debug */ = {
			isa = XCBuildConfiguration;
			buildSettings = {
				ASSETCATALOG_COMPILER_APPICON_NAME = AppIcon;
				ASSETCATALOG_COMPILER_GLOBAL_ACCENT_COLOR_NAME = AccentColor;
				CODE_SIGN_STYLE = Automatic;
				DEVELOPMENT_TEAM = 2C676ZXQLR;
				INFOPLIST_FILE = fitted/Info.plist;
				LD_RUNPATH_SEARCH_PATHS = (
					"$(inherited)",
					"@executable_path/Frameworks",
				);
				PRODUCT_BUNDLE_IDENTIFIER = ylawer.fitted;
				PRODUCT_NAME = "$(TARGET_NAME)";
				SWIFT_VERSION = 5.0;
				TARGETED_DEVICE_FAMILY = "1,2";
			};
			name = Debug;
		};
		AC36F89225683646002AD590 /* Release */ = {
			isa = XCBuildConfiguration;
			buildSettings = {
				ASSETCATALOG_COMPILER_APPICON_NAME = AppIcon;
				ASSETCATALOG_COMPILER_GLOBAL_ACCENT_COLOR_NAME = AccentColor;
				CODE_SIGN_STYLE = Automatic;
				DEVELOPMENT_TEAM = 2C676ZXQLR;
				INFOPLIST_FILE = fitted/Info.plist;
				LD_RUNPATH_SEARCH_PATHS = (
					"$(inherited)",
					"@executable_path/Frameworks",
				);
				PRODUCT_BUNDLE_IDENTIFIER = ylawer.fitted;
				PRODUCT_NAME = "$(TARGET_NAME)";
				SWIFT_VERSION = 5.0;
				TARGETED_DEVICE_FAMILY = "1,2";
			};
			name = Release;
		};
		AC36F89425683646002AD590 /* Debug */ = {
			isa = XCBuildConfiguration;
			buildSettings = {
				ALWAYS_EMBED_SWIFT_STANDARD_LIBRARIES = YES;
				BUNDLE_LOADER = "$(TEST_HOST)";
				CODE_SIGN_STYLE = Automatic;
				DEVELOPMENT_TEAM = 2C676ZXQLR;
				INFOPLIST_FILE = fittedTests/Info.plist;
				IPHONEOS_DEPLOYMENT_TARGET = 14.2;
				LD_RUNPATH_SEARCH_PATHS = (
					"$(inherited)",
					"@executable_path/Frameworks",
					"@loader_path/Frameworks",
				);
				PRODUCT_BUNDLE_IDENTIFIER = ylawer.fittedTests;
				PRODUCT_NAME = "$(TARGET_NAME)";
				SWIFT_VERSION = 5.0;
				TARGETED_DEVICE_FAMILY = "1,2";
				TEST_HOST = "$(BUILT_PRODUCTS_DIR)/fitted.app/fitted";
			};
			name = Debug;
		};
		AC36F89525683646002AD590 /* Release */ = {
			isa = XCBuildConfiguration;
			buildSettings = {
				ALWAYS_EMBED_SWIFT_STANDARD_LIBRARIES = YES;
				BUNDLE_LOADER = "$(TEST_HOST)";
				CODE_SIGN_STYLE = Automatic;
				DEVELOPMENT_TEAM = 2C676ZXQLR;
				INFOPLIST_FILE = fittedTests/Info.plist;
				IPHONEOS_DEPLOYMENT_TARGET = 14.2;
				LD_RUNPATH_SEARCH_PATHS = (
					"$(inherited)",
					"@executable_path/Frameworks",
					"@loader_path/Frameworks",
				);
				PRODUCT_BUNDLE_IDENTIFIER = ylawer.fittedTests;
				PRODUCT_NAME = "$(TARGET_NAME)";
				SWIFT_VERSION = 5.0;
				TARGETED_DEVICE_FAMILY = "1,2";
				TEST_HOST = "$(BUILT_PRODUCTS_DIR)/fitted.app/fitted";
			};
			name = Release;
		};
		AC36F89725683646002AD590 /* Debug */ = {
			isa = XCBuildConfiguration;
			buildSettings = {
				ALWAYS_EMBED_SWIFT_STANDARD_LIBRARIES = YES;
				CODE_SIGN_STYLE = Automatic;
				DEVELOPMENT_TEAM = 2C676ZXQLR;
				INFOPLIST_FILE = fittedUITests/Info.plist;
				LD_RUNPATH_SEARCH_PATHS = (
					"$(inherited)",
					"@executable_path/Frameworks",
					"@loader_path/Frameworks",
				);
				PRODUCT_BUNDLE_IDENTIFIER = ylawer.fittedUITests;
				PRODUCT_NAME = "$(TARGET_NAME)";
				SWIFT_VERSION = 5.0;
				TARGETED_DEVICE_FAMILY = "1,2";
				TEST_TARGET_NAME = fitted;
			};
			name = Debug;
		};
		AC36F89825683646002AD590 /* Release */ = {
			isa = XCBuildConfiguration;
			buildSettings = {
				ALWAYS_EMBED_SWIFT_STANDARD_LIBRARIES = YES;
				CODE_SIGN_STYLE = Automatic;
				DEVELOPMENT_TEAM = 2C676ZXQLR;
				INFOPLIST_FILE = fittedUITests/Info.plist;
				LD_RUNPATH_SEARCH_PATHS = (
					"$(inherited)",
					"@executable_path/Frameworks",
					"@loader_path/Frameworks",
				);
				PRODUCT_BUNDLE_IDENTIFIER = ylawer.fittedUITests;
				PRODUCT_NAME = "$(TARGET_NAME)";
				SWIFT_VERSION = 5.0;
				TARGETED_DEVICE_FAMILY = "1,2";
				TEST_TARGET_NAME = fitted;
			};
			name = Release;
		};
/* End XCBuildConfiguration section */

/* Begin XCConfigurationList section */
		AC36F85E25683641002AD590 /* Build configuration list for PBXProject "fitted" */ = {
			isa = XCConfigurationList;
			buildConfigurations = (
				AC36F88E25683646002AD590 /* Debug */,
				AC36F88F25683646002AD590 /* Release */,
			);
			defaultConfigurationIsVisible = 0;
			defaultConfigurationName = Release;
		};
		AC36F89025683646002AD590 /* Build configuration list for PBXNativeTarget "fitted" */ = {
			isa = XCConfigurationList;
			buildConfigurations = (
				AC36F89125683646002AD590 /* Debug */,
				AC36F89225683646002AD590 /* Release */,
			);
			defaultConfigurationIsVisible = 0;
			defaultConfigurationName = Release;
		};
		AC36F89325683646002AD590 /* Build configuration list for PBXNativeTarget "fittedTests" */ = {
			isa = XCConfigurationList;
			buildConfigurations = (
				AC36F89425683646002AD590 /* Debug */,
				AC36F89525683646002AD590 /* Release */,
			);
			defaultConfigurationIsVisible = 0;
			defaultConfigurationName = Release;
		};
		AC36F89625683646002AD590 /* Build configuration list for PBXNativeTarget "fittedUITests" */ = {
			isa = XCConfigurationList;
			buildConfigurations = (
				AC36F89725683646002AD590 /* Debug */,
				AC36F89825683646002AD590 /* Release */,
			);
			defaultConfigurationIsVisible = 0;
			defaultConfigurationName = Release;
		};
/* End XCConfigurationList section */

/* Begin XCVersionGroup section */
		AC36F86F25683641002AD590 /* fitted.xcdatamodeld */ = {
			isa = XCVersionGroup;
			children = (
				AC36F87025683641002AD590 /* fitted.xcdatamodel */,
			);
			currentVersion = AC36F87025683641002AD590 /* fitted.xcdatamodel */;
			path = fitted.xcdatamodeld;
			sourceTree = "<group>";
			versionGroupType = wrapper.xcdatamodel;
		};
/* End XCVersionGroup section */
	};
	rootObject = AC36F85B25683641002AD590 /* Project object */;
}
